<?xml version="1.0" encoding="utf-8"?>
<Project ToolsVersion="4.0" xmlns="http://schemas.microsoft.com/developer/msbuild/2003">
  <ItemGroup>
    <ClCompile Include="DllMain.cpp" />
    <ClCompile Include="DirectInput8Hook.cpp" />
    <ClCompile Include="DirectInput8HookObject.cpp" />
  </ItemGroup>
  <ItemGroup>
    <ClInclude Include="stdafx.h" />
    <ClInclude Include="DirectInput8Hook.h" />
    <ClInclude Include="DirectInput8HookObject.h" />
  </ItemGroup>
  <ItemGroup>
    <None Include="dinput8.def" />
  </ItemGroup>
</Project>